
Microsoft Visual Studio Solution File, Format Version 12.00
# Visual Studio 15
VisualStudioVersion = 15.0.27323.2
MinimumVisualStudioVersion = 10.0.40219.1
Project("{FAE04EC0-301F-11D3-BF4B-00C04F79EFBC}") = "Selkie.Services.Lines", "Selkie.Services.Lines\Selkie.Services.Lines.csproj", "{7B37E070-5D8D-4982-8986-8904F71165EA}"
EndProject
Project("{2150E333-8FDC-42A3-9474-1A3956D46DE8}") = ".nuget", ".nuget", "{6A012F21-6BD6-4CB3-94F0-BFC3FCE7057F}"
	ProjectSection(SolutionItems) = preProject
		.nuget\packages.config = .nuget\packages.config
	EndProjectSection
EndProject
Project("{FAE04EC0-301F-11D3-BF4B-00C04F79EFBC}") = "Selkie.Services.Lines.Console", "Selkie.Services.Lines.Console\Selkie.Services.Lines.Console.csproj", "{9DE00DD8-006C-4CC1-8E51-28FA169D7201}"
EndProject
Project("{FAE04EC0-301F-11D3-BF4B-00C04F79EFBC}") = "Selkie.Services.Lines.Console.Client", "Selkie.Services.Lines.Console.Client\Selkie.Services.Lines.Console.Client.csproj", "{A66C7084-8B59-4C0E-9C5F-DF1BD89852C2}"
EndProject
Project("{FAE04EC0-301F-11D3-BF4B-00C04F79EFBC}") = "Selkie.Services.Lines.Specflow", "Selkie.Services.Lines.Specflow\Selkie.Services.Lines.Specflow.csproj", "{F5C2E97D-BFC8-4057-B3A2-BAA4136BA38F}"
EndProject
Project("{FAE04EC0-301F-11D3-BF4B-00C04F79EFBC}") = "NuGet.Selkie.Services.Lines", "NuGet.Selkie.Services.Lines\NuGet.Selkie.Services.Lines.csproj", "{0451BAEF-DF2E-4B98-8644-94EE9415E389}"
EndProject
Project("{FAE04EC0-301F-11D3-BF4B-00C04F79EFBC}") = "Selkie.Services.Lines.Windows.Service", "Selkie.Services.Lines.Windows.Service\Selkie.Services.Lines.Windows.Service.csproj", "{D8502A32-2117-430D-96DD-F9771498048E}"
EndProject
Project("{54435603-DBB4-11D2-8724-00A0C9A8B90C}") = "Selkie.Services.Lines.Windows.Service.Setup", "Selkie.Services.Lines.Windows.Service.Setup\Selkie.Services.Lines.Windows.Service.Setup.vdproj", "{170B4B67-EF44-4347-80A6-D92285B301A3}"
EndProject
Project("{9A19103F-16F7-4668-BE54-9A1E7A4F7556}") = "Core2.Selkie.Services.Lines", "Core2.Selkie.Services.Lines\Core2.Selkie.Services.Lines.csproj", "{C32CD556-7223-476E-B7BC-6FFC534FEDB1}"
EndProject
Project("{2150E333-8FDC-42A3-9474-1A3956D46DE8}") = "Tests", "Tests", "{5B34ED2A-6993-45F2-B5E2-710FD3647AC3}"
EndProject
Project("{FAE04EC0-301F-11D3-BF4B-00C04F79EFBC}") = "Core2.Selkie.Services.Lines.Tests", "Core2.Selkie.Services.Lines.Tests\Core2.Selkie.Services.Lines.Tests.csproj", "{AAAD1857-2FDF-40FE-AD22-16A6D78274FB}"
EndProject
Project("{FAE04EC0-301F-11D3-BF4B-00C04F79EFBC}") = "Core2.Selkie.Services.Lines.Console", "Core2.Selkie.Services.Lines.Console\Core2.Selkie.Services.Lines.Console.csproj", "{DDF67CF6-8505-4240-BBF5-6CF3DFEC4F7D}"
EndProject
Project("{2150E333-8FDC-42A3-9474-1A3956D46DE8}") = "Example", "Example", "{D2979840-E934-4DE3-88CC-6A00D3ECD2A6}"
EndProject
Project("{FAE04EC0-301F-11D3-BF4B-00C04F79EFBC}") = "Core2.Selkie.Services.Lines.Console.Client", "Core2.Selkie.Services.Lines.Console.Client\Core2.Selkie.Services.Lines.Console.Client.csproj", "{23D116D0-A6CF-4465-829F-B87E905D100A}"
EndProject
Global
	GlobalSection(SolutionConfigurationPlatforms) = preSolution
		Debug|Any CPU = Debug|Any CPU
		Release|Any CPU = Release|Any CPU
	EndGlobalSection
	GlobalSection(ProjectConfigurationPlatforms) = postSolution
		{7B37E070-5D8D-4982-8986-8904F71165EA}.Debug|Any CPU.ActiveCfg = Debug|Any CPU
		{7B37E070-5D8D-4982-8986-8904F71165EA}.Debug|Any CPU.Build.0 = Debug|Any CPU
		{7B37E070-5D8D-4982-8986-8904F71165EA}.Release|Any CPU.ActiveCfg = Release|Any CPU
		{7B37E070-5D8D-4982-8986-8904F71165EA}.Release|Any CPU.Build.0 = Release|Any CPU
		{9DE00DD8-006C-4CC1-8E51-28FA169D7201}.Debug|Any CPU.ActiveCfg = Debug|Any CPU
		{9DE00DD8-006C-4CC1-8E51-28FA169D7201}.Debug|Any CPU.Build.0 = Debug|Any CPU
		{9DE00DD8-006C-4CC1-8E51-28FA169D7201}.Release|Any CPU.ActiveCfg = Release|Any CPU
		{9DE00DD8-006C-4CC1-8E51-28FA169D7201}.Release|Any CPU.Build.0 = Release|Any CPU
		{A66C7084-8B59-4C0E-9C5F-DF1BD89852C2}.Debug|Any CPU.ActiveCfg = Debug|Any CPU
		{A66C7084-8B59-4C0E-9C5F-DF1BD89852C2}.Debug|Any CPU.Build.0 = Debug|Any CPU
		{A66C7084-8B59-4C0E-9C5F-DF1BD89852C2}.Release|Any CPU.ActiveCfg = Release|Any CPU
		{A66C7084-8B59-4C0E-9C5F-DF1BD89852C2}.Release|Any CPU.Build.0 = Release|Any CPU
		{F5C2E97D-BFC8-4057-B3A2-BAA4136BA38F}.Debug|Any CPU.ActiveCfg = Debug|Any CPU
		{F5C2E97D-BFC8-4057-B3A2-BAA4136BA38F}.Debug|Any CPU.Build.0 = Debug|Any CPU
		{F5C2E97D-BFC8-4057-B3A2-BAA4136BA38F}.Release|Any CPU.ActiveCfg = Release|Any CPU
		{F5C2E97D-BFC8-4057-B3A2-BAA4136BA38F}.Release|Any CPU.Build.0 = Release|Any CPU
		{0451BAEF-DF2E-4B98-8644-94EE9415E389}.Debug|Any CPU.ActiveCfg = Debug|Any CPU
		{0451BAEF-DF2E-4B98-8644-94EE9415E389}.Debug|Any CPU.Build.0 = Debug|Any CPU
		{0451BAEF-DF2E-4B98-8644-94EE9415E389}.Release|Any CPU.ActiveCfg = Release|Any CPU
		{0451BAEF-DF2E-4B98-8644-94EE9415E389}.Release|Any CPU.Build.0 = Release|Any CPU
		{D8502A32-2117-430D-96DD-F9771498048E}.Debug|Any CPU.ActiveCfg = Debug|Any CPU
		{D8502A32-2117-430D-96DD-F9771498048E}.Debug|Any CPU.Build.0 = Debug|Any CPU
		{D8502A32-2117-430D-96DD-F9771498048E}.Release|Any CPU.ActiveCfg = Release|Any CPU
		{D8502A32-2117-430D-96DD-F9771498048E}.Release|Any CPU.Build.0 = Release|Any CPU
		{170B4B67-EF44-4347-80A6-D92285B301A3}.Debug|Any CPU.ActiveCfg = Debug
		{170B4B67-EF44-4347-80A6-D92285B301A3}.Release|Any CPU.ActiveCfg = Release
		{C32CD556-7223-476E-B7BC-6FFC534FEDB1}.Debug|Any CPU.ActiveCfg = Debug|Any CPU
		{C32CD556-7223-476E-B7BC-6FFC534FEDB1}.Debug|Any CPU.Build.0 = Debug|Any CPU
		{C32CD556-7223-476E-B7BC-6FFC534FEDB1}.Release|Any CPU.ActiveCfg = Release|Any CPU
		{C32CD556-7223-476E-B7BC-6FFC534FEDB1}.Release|Any CPU.Build.0 = Release|Any CPU
		{AAAD1857-2FDF-40FE-AD22-16A6D78274FB}.Debug|Any CPU.ActiveCfg = Debug|Any CPU
		{AAAD1857-2FDF-40FE-AD22-16A6D78274FB}.Debug|Any CPU.Build.0 = Debug|Any CPU
		{AAAD1857-2FDF-40FE-AD22-16A6D78274FB}.Release|Any CPU.ActiveCfg = Release|Any CPU
		{AAAD1857-2FDF-40FE-AD22-16A6D78274FB}.Release|Any CPU.Build.0 = Release|Any CPU
		{DDF67CF6-8505-4240-BBF5-6CF3DFEC4F7D}.Debug|Any CPU.ActiveCfg = Debug|Any CPU
		{DDF67CF6-8505-4240-BBF5-6CF3DFEC4F7D}.Debug|Any CPU.Build.0 = Debug|Any CPU
		{DDF67CF6-8505-4240-BBF5-6CF3DFEC4F7D}.Release|Any CPU.ActiveCfg = Release|Any CPU
		{DDF67CF6-8505-4240-BBF5-6CF3DFEC4F7D}.Release|Any CPU.Build.0 = Release|Any CPU
		{23D116D0-A6CF-4465-829F-B87E905D100A}.Debug|Any CPU.ActiveCfg = Debug|Any CPU
		{23D116D0-A6CF-4465-829F-B87E905D100A}.Debug|Any CPU.Build.0 = Debug|Any CPU
		{23D116D0-A6CF-4465-829F-B87E905D100A}.Release|Any CPU.ActiveCfg = Release|Any CPU
		{23D116D0-A6CF-4465-829F-B87E905D100A}.Release|Any CPU.Build.0 = Release|Any CPU
	EndGlobalSection
	GlobalSection(SolutionProperties) = preSolution
		HideSolutionNode = FALSE
	EndGlobalSection
	GlobalSection(NestedProjects) = preSolution
		{AAAD1857-2FDF-40FE-AD22-16A6D78274FB} = {5B34ED2A-6993-45F2-B5E2-710FD3647AC3}
		{DDF67CF6-8505-4240-BBF5-6CF3DFEC4F7D} = {D2979840-E934-4DE3-88CC-6A00D3ECD2A6}
		{23D116D0-A6CF-4465-829F-B87E905D100A} = {D2979840-E934-4DE3-88CC-6A00D3ECD2A6}
	EndGlobalSection
	GlobalSection(ExtensibilityGlobals) = postSolution
		SolutionGuid = {662EDEE7-56C7-4EFD-8146-608ECAC7DF91}
	EndGlobalSection
EndGlobal
